
Microsoft Visual Studio Solution File, Format Version 12.00
# Visual Studio Version 16
VisualStudioVersion = 16.0.31624.102
MinimumVisualStudioVersion = 10.0.40219.1
Project("{FAE04EC0-301F-11D3-BF4B-00C04F79EFBC}") = "T and J Dental", "T and J Dental\T and J Dental.csproj", "{EFDE5A36-211E-4F48-912E-1DE0E1D45A8E}"
EndProject
Global
	GlobalSection(SolutionConfigurationPlatforms) = preSolution
		Debug|Any CPU = Debug|Any CPU
		Release|Any CPU = Release|Any CPU
	EndGlobalSection
	GlobalSection(ProjectConfigurationPlatforms) = postSolution
		{EFDE5A36-211E-4F48-912E-1DE0E1D45A8E}.Debug|Any CPU.ActiveCfg = Debug|Any CPU
		{EFDE5A36-211E-4F48-912E-1DE0E1D45A8E}.Debug|Any CPU.Build.0 = Debug|Any CPU
		{EFDE5A36-211E-4F48-912E-1DE0E1D45A8E}.Release|Any CPU.ActiveCfg = Release|Any CPU
		{EFDE5A36-211E-4F48-912E-1DE0E1D45A8E}.Release|Any CPU.Build.0 = Release|Any CPU
	EndGlobalSection
	GlobalSection(SolutionProperties) = preSolution
		HideSolutionNode = FALSE
	EndGlobalSection
	GlobalSection(ExtensibilityGlobals) = postSolution
		SolutionGuid = {5CEBC25F-B033-4639-8B3D-7F542363CB1F}
	EndGlobalSection
EndGlobal
